# THIS IS AN AUTOGENERATED FILE. DO NOT EDIT THIS FILE DIRECTLY.
# yarn lockfile v1


serverless-terraform-outputs@^0.0.2:
  version "0.0.2"
  resolved "https://registry.yarnpkg.com/serverless-terraform-outputs/-/serverless-terraform-outputs-0.0.2.tgz#d205022f66e5d04efbac51e7fbdea4b7cbcac360"
  integrity sha512-MTycG7MWgCIM8On4PgVE8NS6/9fLRNcPTyGmdPMjwhompTPnthsfeOv0QUJOc8GTKOHpnPRFI2MvbTCgMPt20g==
